// !$*UTF8*$!
{
	archiveVersion = 1;
	classes = {
	};
	objectVersion = 50;
	objects = {

/* Begin PBXBuildFile section */
		54CCB385228BAF6C002ABD5D /* AppDelegate.swift in Sources */ = {isa = PBXBuildFile; fileRef = 54CCB384228BAF6C002ABD5D /* AppDelegate.swift */; };
		54CCB387228BAF6C002ABD5D /* ViewController.swift in Sources */ = {isa = PBXBuildFile; fileRef = 54CCB386228BAF6C002ABD5D /* ViewController.swift */; };
		54CCB38A228BAF6C002ABD5D /* Main.storyboard in Resources */ = {isa = PBXBuildFile; fileRef = 54CCB388228BAF6C002ABD5D /* Main.storyboard */; };
		54CCB38C228BAF6C002ABD5D /* Assets.xcassets in Resources */ = {isa = PBXBuildFile; fileRef = 54CCB38B228BAF6C002ABD5D /* Assets.xcassets */; };
		54CCB38F228BAF6C002ABD5D /* LaunchScreen.storyboard in Resources */ = {isa = PBXBuildFile; fileRef = 54CCB38D228BAF6C002ABD5D /* LaunchScreen.storyboard */; };
		54CCB397228BB036002ABD5D /* myEntity.swift in Sources */ = {isa = PBXBuildFile; fileRef = 54CCB396228BB036002ABD5D /* myEntity.swift */; };
/* End PBXBuildFile section */

/* Begin PBXFileReference section */
		54CCB381228BAF6C002ABD5D /* TestOOP.app */ = {isa = PBXFileReference; explicitFileType = wrapper.application; includeInIndex = 0; path = TestOOP.app; sourceTree = BUILT_PRODUCTS_DIR; };
		54CCB384228BAF6C002ABD5D /* AppDelegate.swift */ = {isa = PBXFileReference; lastKnownFileType = sourcecode.swift; path = AppDelegate.swift; sourceTree = "<group>"; };
		54CCB386228BAF6C002ABD5D /* ViewController.swift */ = {isa = PBXFileReference; lastKnownFileType = sourcecode.swift; path = ViewController.swift; sourceTree = "<group>"; };
		54CCB389228BAF6C002ABD5D /* Base */ = {isa = PBXFileReference; lastKnownFileType = file.storyboard; name = Base; path = Base.lproj/Main.storyboard; sourceTree = "<group>"; };
		54CCB38B228BAF6C002ABD5D /* Assets.xcassets */ = {isa = PBXFileReference; lastKnownFileType = folder.assetcatalog; path = Assets.xcassets; sourceTree = "<group>"; };
		54CCB38E228BAF6C002ABD5D /* Base */ = {isa = PBXFileReference; lastKnownFileType = file.storyboard; name = Base; path = Base.lproj/LaunchScreen.storyboard; sourceTree = "<group>"; };
		54CCB390228BAF6C002ABD5D /* Info.plist */ = {isa = PBXFileReference; lastKnownFileType = text.plist.xml; path = Info.plist; sourceTree = "<group>"; };
		54CCB396228BB036002ABD5D /* myEntity.swift */ = {isa = PBXFileReference; lastKnownFileType = sourcecode.swift; path = myEntity.swift; sourceTree = "<group>"; };
/* End PBXFileReference section */

/* Begin PBXFrameworksBuildPhase section */
		54CCB37E228BAF6C002ABD5D /* Frameworks */ = {
			isa = PBXFrameworksBuildPhase;
			buildActionMask = 2147483647;
			files = (
			);
			runOnlyForDeploymentPostprocessing = 0;
		};
/* End PBXFrameworksBuildPhase section */

/* Begin PBXGroup section */
		54CCB378228BAF6C002ABD5D = {
			isa = PBXGroup;
			children = (
				54CCB383228BAF6C002ABD5D /* TestOOP */,
				54CCB382228BAF6C002ABD5D /* Products */,
			);
			sourceTree = "<group>";
		};
		54CCB382228BAF6C002ABD5D /* Products */ = {
			isa = PBXGroup;
			children = (
				54CCB381228BAF6C002ABD5D /* TestOOP.app */,
			);
			name = Products;
			sourceTree = "<group>";
		};
		54CCB383228BAF6C002ABD5D /* TestOOP */ = {
			isa = PBXGroup;
			children = (
				54CCB384228BAF6C002ABD5D /* AppDelegate.swift */,
				54CCB386228BAF6C002ABD5D /* ViewController.swift */,
				54CCB388228BAF6C002ABD5D /* Main.storyboard */,
				54CCB38B228BAF6C002ABD5D /* Assets.xcassets */,
				54CCB38D228BAF6C002ABD5D /* LaunchScreen.storyboard */,
				54CCB390228BAF6C002ABD5D /* Info.plist */,
				54CCB396228BB036002ABD5D /* myEntity.swift */,
			);
			path = TestOOP;
			sourceTree = "<group>";
		};
/* End PBXGroup section */

/* Begin PBXNativeTarget section */
		54CCB380228BAF6C002ABD5D /* TestOOP */ = {
			isa = PBXNativeTarget;
			buildConfigurationList = 54CCB393228BAF6C002ABD5D /* Build configuration list for PBXNativeTarget "TestOOP" */;
			buildPhases = (
				54CCB37D228BAF6C002ABD5D /* Sources */,
				54CCB37E228BAF6C002ABD5D /* Frameworks */,
				54CCB37F228BAF6C002ABD5D /* Resources */,
			);
			buildRules = (
			);
			dependencies = (
			);
			name = TestOOP;
			productName = TestOOP;
			productReference = 54CCB381228BAF6C002ABD5D /* TestOOP.app */;
			productType = "com.apple.product-type.application";
		};
/* End PBXNativeTarget section */

/* Begin PBXProject section */
		54CCB379228BAF6C002ABD5D /* Project object */ = {
			isa = PBXProject;
			attributes = {
				LastSwiftUpdateCheck = 1020;
				LastUpgradeCheck = 1020;
				ORGANIZATIONNAME = "Rizky Adipratama Ruddyar";
				TargetAttributes = {
					54CCB380228BAF6C002ABD5D = {
						CreatedOnToolsVersion = 10.2.1;
					};
				};
			};
			buildConfigurationList = 54CCB37C228BAF6C002ABD5D /* Build configuration list for PBXProject "TestOOP" */;
			compatibilityVersion = "Xcode 9.3";
			developmentRegion = en;
			hasScannedForEncodings = 0;
			knownRegions = (
				en,
				Base,
			);
			mainGroup = 54CCB378228BAF6C002ABD5D;
			productRefGroup = 54CCB382228BAF6C002ABD5D /* Products */;
			projectDirPath = "";
			projectRoot = "";
			targets = (
				54CCB380228BAF6C002ABD5D /* TestOOP */,
			);
		};
/* End PBXProject section */

/* Begin PBXResourcesBuildPhase section */
		54CCB37F228BAF6C002ABD5D /* Resources */ = {
			isa = PBXResourcesBuildPhase;
			buildActionMask = 2147483647;
			files = (
				54CCB38F228BAF6C002ABD5D /* LaunchScreen.storyboard in Resources */,
				54CCB38C228BAF6C002ABD5D /* Assets.xcassets in Resources */,
				54CCB38A228BAF6C002ABD5D /* Main.storyboard in Resources */,
			);
			runOnlyForDeploymentPostprocessing = 0;
		};
/* End PBXResourcesBuildPhase section */

/* Begin PBXSourcesBuildPhase section */
		54CCB37D228BAF6C002ABD5D /* Sources */ = {
			isa = PBXSourcesBuildPhase;
			buildActionMask = 2147483647;
			files = (
				54CCB397228BB036002ABD5D /* myEntity.swift in Sources */,
				54CCB387228BAF6C002ABD5D /* ViewController.swift in Sources */,
				54CCB385228BAF6C002ABD5D /* AppDelegate.swift in Sources */,
			);
			runOnlyForDeploymentPostprocessing = 0;
		};
/* End PBXSourcesBuildPhase section */

/* Begin PBXVariantGroup section */
		54CCB388228BAF6C002ABD5D /* Main.storyboard */ = {
			isa = PBXVariantGroup;
			children = (
				54CCB389228BAF6C002ABD5D /* Base */,
			);
			name = Main.storyboard;
			sourceTree = "<group>";
		};
		54CCB38D228BAF6C002ABD5D /* LaunchScreen.storyboard */ = {
			isa = PBXVariantGroup;
			children = (
				54CCB38E228BAF6C002ABD5D /* Base */,
			);
			name = LaunchScreen.storyboard;
			sourceTree = "<group>";
		};
/* End PBXVariantGroup section */

/* Begin XCBuildConfiguration section */
		54CCB391228BAF6C002ABD5D /* Debug */ = {
			isa = XCBuildConfiguration;
			buildSettings = {
				ALWAYS_SEARCH_USER_PATHS = NO;
				CLANG_ANALYZER_NONNULL = YES;
				CLANG_ANALYZER_NUMBER_OBJECT_CONVERSION = YES_AGGRESSIVE;
				CLANG_CXX_LANGUAGE_STANDARD = "gnu++14";
				CLANG_CXX_LIBRARY = "libc++";
				CLANG_ENABLE_MODULES = YES;
				CLANG_ENABLE_OBJC_ARC = YES;
				CLANG_ENABLE_OBJC_WEAK = YES;
				CLANG_WARN_BLOCK_CAPTURE_AUTORELEASING = YES;
				CLANG_WARN_BOOL_CONVERSION = YES;
				CLANG_WARN_COMMA = YES;
				CLANG_WARN_CONSTANT_CONVERSION = YES;
				CLANG_WARN_DEPRECATED_OBJC_IMPLEMENTATIONS = YES;
				CLANG_WARN_DIRECT_OBJC_ISA_USAGE = YES_ERROR;
				CLANG_WARN_DOCUMENTATION_COMMENTS = YES;
				CLANG_WARN_EMPTY_BODY = YES;
				CLANG_WARN_ENUM_CONVERSION = YES;
				CLANG_WARN_INFINITE_RECURSION = YES;
				CLANG_WARN_INT_CONVERSION = YES;
				CLANG_WARN_NON_LITERAL_NULL_CONVERSION = YES;
				CLANG_WARN_OBJC_IMPLICIT_RETAIN_SELF = YES;
				CLANG_WARN_OBJC_LITERAL_CONVERSION = YES;
				CLANG_WARN_OBJC_ROOT_CLASS = YES_ERROR;
				CLANG_WARN_RANGE_LOOP_ANALYSIS = YES;
				CLANG_WARN_STRICT_PROTOTYPES = YES;
				CLANG_WARN_SUSPICIOUS_MOVE = YES;
				CLANG_WARN_UNGUARDED_AVAILABILITY = YES_AGGRESSIVE;
				CLANG_WARN_UNREACHABLE_CODE = YES;
				CLANG_WARN__DUPLICATE_METHOD_MATCH = YES;
				CODE_SIGN_IDENTITY = "iPhone Developer";
				COPY_PHASE_STRIP = NO;
				DEBUG_INFORMATION_FORMAT = dwarf;
				ENABLE_STRICT_OBJC_MSGSEND = YES;
				ENABLE_TESTABILITY = YES;
				GCC_C_LANGUAGE_STANDARD = gnu11;
				GCC_DYNAMIC_NO_PIC = NO;
				GCC_NO_COMMON_BLOCKS = YES;
				GCC_OPTIMIZATION_LEVEL = 0;
				GCC_PREPROCESSOR_DEFINITIONS = (
					"DEBUG=1",
					"$(inherited)",
				);
				GCC_WARN_64_TO_32_BIT_CONVERSION = YES;
				GCC_WARN_ABOUT_RETURN_TYPE = YES_ERROR;
				GCC_WARN_UNDECLARED_SELECTOR = YES;
				GCC_WARN_UNINITIALIZED_AUTOS = YES_AGGRESSIVE;
				GCC_WARN_UNUSED_FUNCTION = YES;
				GCC_WARN_UNUSED_VARIABLE = YES;
				IPHONEOS_DEPLOYMENT_TARGET = 12.2;
				MTL_ENABLE_DEBUG_INFO = INCLUDE_SOURCE;
				MTL_FAST_MATH = YES;
				ONLY_ACTIVE_ARCH = YES;
				SDKROOT = iphoneos;
				SWIFT_ACTIVE_COMPILATION_CONDITIONS = DEBUG;
				SWIFT_OPTIMIZATION_LEVEL = "-Onone";
			};
			name = Debug;
		};
		54CCB392228BAF6C002ABD5D /* Release */ = {
			isa = XCBuildConfiguration;
			buildSettings = {
				ALWAYS_SEARCH_USER_PATHS = NO;
				CLANG_ANALYZER_NONNULL = YES;
				CLANG_ANALYZER_NUMBER_OBJECT_CONVERSION = YES_AGGRESSIVE;
				CLANG_CXX_LANGUAGE_STANDARD = "gnu++14";
				CLANG_CXX_LIBRARY = "libc++";
				CLANG_ENABLE_MODULES = YES;
				CLANG_ENABLE_OBJC_ARC = YES;
				CLANG_ENABLE_OBJC_WEAK = YES;
				CLANG_WARN_BLOCK_CAPTURE_AUTORELEASING = YES;
				CLANG_WARN_BOOL_CONVERSION = YES;
				CLANG_WARN_COMMA = YES;
				CLANG_WARN_CONSTANT_CONVERSION = YES;
				CLANG_WARN_DEPRECATED_OBJC_IMPLEMENTATIONS = YES;
				CLANG_WARN_DIRECT_OBJC_ISA_USAGE = YES_ERROR;
				CLANG_WARN_DOCUMENTATION_COMMENTS = YES;
				CLANG_WARN_EMPTY_BODY = YES;
				CLANG_WARN_ENUM_CONVERSION = YES;
				CLANG_WARN_INFINITE_RECURSION = YES;
				CLANG_WARN_INT_CONVERSION = YES;
				CLANG_WARN_NON_LITERAL_NULL_CONVERSION = YES;
				CLANG_WARN_OBJC_IMPLICIT_RETAIN_SELF = YES;
				CLANG_WARN_OBJC_LITERAL_CONVERSION = YES;
				CLANG_WARN_OBJC_ROOT_CLASS = YES_ERROR;
				CLANG_WARN_RANGE_LOOP_ANALYSIS = YES;
				CLANG_WARN_STRICT_PROTOTYPES = YES;
				CLANG_WARN_SUSPICIOUS_MOVE = YES;
				CLANG_WARN_UNGUARDED_AVAILABILITY = YES_AGGRESSIVE;
				CLANG_WARN_UNREACHABLE_CODE = YES;
				CLANG_WARN__DUPLICATE_METHOD_MATCH = YES;
				CODE_SIGN_IDENTITY = "iPhone Developer";
				COPY_PHASE_STRIP = NO;
				DEBUG_INFORMATION_FORMAT = "dwarf-with-dsym";
				ENABLE_NS_ASSERTIONS = NO;
				ENABLE_STRICT_OBJC_MSGSEND = YES;
				GCC_C_LANGUAGE_STANDARD = gnu11;
				GCC_NO_COMMON_BLOCKS = YES;
				GCC_WARN_64_TO_32_BIT_CONVERSION = YES;
				GCC_WARN_ABOUT_RETURN_TYPE = YES_ERROR;
				GCC_WARN_UNDECLARED_SELECTOR = YES;
				GCC_WARN_UNINITIALIZED_AUTOS = YES_AGGRESSIVE;
				GCC_WARN_UNUSED_FUNCTION = YES;
				GCC_WARN_UNUSED_VARIABLE = YES;
				IPHONEOS_DEPLOYMENT_TARGET = 12.2;
				MTL_ENABLE_DEBUG_INFO = NO;
				MTL_FAST_MATH = YES;
				SDKROOT = iphoneos;
				SWIFT_COMPILATION_MODE = wholemodule;
				SWIFT_OPTIMIZATION_LEVEL = "-O";
				VALIDATE_PRODUCT = YES;
			};
			name = Release;
		};
		54CCB394228BAF6C002ABD5D /* Debug */ = {
			isa = XCBuildConfiguration;
			buildSettings = {
				ASSETCATALOG_COMPILER_APPICON_NAME = AppIcon;
				CODE_SIGN_STYLE = Automatic;
				INFOPLIST_FILE = TestOOP/Info.plist;
				LD_RUNPATH_SEARCH_PATHS = (
					"$(inherited)",
					"@executable_path/Frameworks",
				);
				PRODUCT_BUNDLE_IDENTIFIER = RAR.TestOOP;
				PRODUCT_NAME = "$(TARGET_NAME)";
				SWIFT_VERSION = 5.0;
				TARGETED_DEVICE_FAMILY = "1,2";
			};
			name = Debug;
		};
		54CCB395228BAF6C002ABD5D /* Release */ = {
			isa = XCBuildConfiguration;
			buildSettings = {
				ASSETCATALOG_COMPILER_APPICON_NAME = AppIcon;
				CODE_SIGN_STYLE = Automatic;
				INFOPLIST_FILE = TestOOP/Info.plist;
				LD_RUNPATH_SEARCH_PATHS = (
					"$(inherited)",
					"@executable_path/Frameworks",
				);
				PRODUCT_BUNDLE_IDENTIFIER = RAR.TestOOP;
				PRODUCT_NAME = "$(TARGET_NAME)";
				SWIFT_VERSION = 5.0;
				TARGETED_DEVICE_FAMILY = "1,2";
			};
			name = Release;
		};
/* End XCBuildConfiguration section */

/* Begin XCConfigurationList section */
		54CCB37C228BAF6C002ABD5D /* Build configuration list for PBXProject "TestOOP" */ = {
			isa = XCConfigurationList;
			buildConfigurations = (
				54CCB391228BAF6C002ABD5D /* Debug */,
				54CCB392228BAF6C002ABD5D /* Release */,
			);
			defaultConfigurationIsVisible = 0;
			defaultConfigurationName = Release;
		};
		54CCB393228BAF6C002ABD5D /* Build configuration list for PBXNativeTarget "TestOOP" */ = {
			isa = XCConfigurationList;
			buildConfigurations = (
				54CCB394228BAF6C002ABD5D /* Debug */,
				54CCB395228BAF6C002ABD5D /* Release */,
			);
			defaultConfigurationIsVisible = 0;
			defaultConfigurationName = Release;
		};
/* End XCConfigurationList section */
	};
	rootObject = 54CCB379228BAF6C002ABD5D /* Project object */;
}
